{
  "name": "GyaanSaathi",
  "lockfileVersion": 3,
  "requires": true,
  "packages": {
    "": {
      "name": "GyaanSaathi",
      "version": "0.1.0",
      "dependencies": {
        "firebase": "^10.12.1"
      }
    },
    "node_modules/firebase": {
      "version": "10.12.1",
      "resolved": "https://registry.npmjs.org/firebase/-/firebase-10.12.1.tgz",
      "integrity": "sha512-...",
      "dependencies": {
        "@firebase/app": "^0.10.0",
        "@firebase/database": "^1.0.0"
      }
    }
  },
  "dependencies": {
    "firebase": {
      "version": "10.12.1",
      "resolved": "https://registry.npmjs.org/firebase/-/firebase-10.12.1.tgz",
      "integrity": "sha512-..."
    }
  }
}